
Microsoft Visual Studio Solution File, Format Version 12.00
# Visual Studio Version 17
VisualStudioVersion = 17.11.35222.181
MinimumVisualStudioVersion = 10.0.40219.1
Project("{FAE04EC0-301F-11D3-BF4B-00C04F79EFBC}") = "Labb3DesignPatternArchitecture", "Labb3DesignPatternArchitecture\Labb3DesignPatternArchitecture.csproj", "{748089F6-E20E-4FB6-891A-6F7DC4922827}"
EndProject
Global
	GlobalSection(SolutionConfigurationPlatforms) = preSolution
		Debug|Any CPU = Debug|Any CPU
		Release|Any CPU = Release|Any CPU
	EndGlobalSection
	GlobalSection(ProjectConfigurationPlatforms) = postSolution
		{748089F6-E20E-4FB6-891A-6F7DC4922827}.Debug|Any CPU.ActiveCfg = Debug|Any CPU
		{748089F6-E20E-4FB6-891A-6F7DC4922827}.Debug|Any CPU.Build.0 = Debug|Any CPU
		{748089F6-E20E-4FB6-891A-6F7DC4922827}.Release|Any CPU.ActiveCfg = Release|Any CPU
		{748089F6-E20E-4FB6-891A-6F7DC4922827}.Release|Any CPU.Build.0 = Release|Any CPU
	EndGlobalSection
	GlobalSection(SolutionProperties) = preSolution
		HideSolutionNode = FALSE
	EndGlobalSection
	GlobalSection(ExtensibilityGlobals) = postSolution
		SolutionGuid = {80702FF3-BD61-4007-B6B0-F083F9C00B30}
	EndGlobalSection
EndGlobal
